{
  "originHash" : "81e4c9f8bf8b69214dc658a5aaa93c88f49d3d3e2d55718d56e2031a9364b54a",
  "pins" : [
    {
      "identity" : "ffmpegkit",
      "kind" : "remoteSourceControl",
      "location" : "https://github.com/kingslay/FFmpegKit.git",
      "state" : {
        "revision" : "d7048037a2eb94a3b08113fbf43aa92bdcb332d9"
      }
    },
    {
      "identity" : "ksplayer",
      "kind" : "remoteSourceControl",
      "location" : "https://github.com/kingslay/KSPlayer",
      "state" : {
        "revision" : "bdfa2da39bb18865b317c4ffd08cdef5f8efc043",
        "version" : "2.3.4"
      }
    }
  ],
  "version" : 3
}
